
Microsoft Visual Studio Solution File, Format Version 11.00
# Visual Studio 2010
Project("{FAE04EC0-301F-11D3-BF4B-00C04F79EFBC}") = "citystateproto", "citystateproto.csproj", "{F9BC333C-CC17-480E-BA0E-B17B827AF98B}"
EndProject
Global
	GlobalSection(SolutionConfigurationPlatforms) = preSolution
		Debug|x86 = Debug|x86
		Release|x86 = Release|x86
	EndGlobalSection
	GlobalSection(ProjectConfigurationPlatforms) = postSolution
		{F9BC333C-CC17-480E-BA0E-B17B827AF98B}.Debug|x86.ActiveCfg = Debug|x86
		{F9BC333C-CC17-480E-BA0E-B17B827AF98B}.Debug|x86.Build.0 = Debug|x86
		{F9BC333C-CC17-480E-BA0E-B17B827AF98B}.Release|x86.ActiveCfg = Release|x86
		{F9BC333C-CC17-480E-BA0E-B17B827AF98B}.Release|x86.Build.0 = Release|x86
	EndGlobalSection
	GlobalSection(MonoDevelopProperties) = preSolution
		StartupItem = citystateproto.csproj
	EndGlobalSection
EndGlobal
